PODS:
  - Alamofire (5.0.0-rc.3)
  - ObjcExceptionBridging (1.0.1):
    - ObjcExceptionBridging/ObjcExceptionBridging (= 1.0.1)
  - ObjcExceptionBridging/ObjcExceptionBridging (1.0.1)
  - Realm (4.3.0):
    - Realm/Headers (= 4.3.0)
  - Realm/Headers (4.3.0)
  - RealmSwift (4.3.0):
    - Realm (= 4.3.0)
  - RxBlocking (5.0.1):
    - RxSwift (~> 5)
  - RxCocoa (5.0.0):
    - RxRelay (~> 5)
    - RxSwift (~> 5)
  - RxRelay (5.0.1):
    - RxSwift (~> 5)
  - RxSwift (5.0.0)
  - RxTest (5.0.1):
    - RxSwift (~> 5)
  - SVProgressHUD (2.2.5)
  - SwiftyJSON (4.3.0)
  - Toaster (2.2.0)
  - XCGLogger (7.0.0):
    - XCGLogger/Core (= 7.0.0)
  - XCGLogger/Core (7.0.0):
    - ObjcExceptionBridging

DEPENDENCIES:
  - Alamofire (~> 5.0.0-rc.3)
  - RealmSwift
  - RxBlocking (~> 5)
  - RxCocoa (~> 5)
  - RxSwift (~> 5)
  - RxTest (~> 5)
  - SVProgressHUD
  - SwiftyJSON (~> 4.0)
  - Toaster
  - XCGLogger (~> 7.0.0)

SPEC REPOS:
  trunk:
    - Alamofire
    - ObjcExceptionBridging
    - Realm
    - RealmSwift
    - RxBlocking
    - RxCocoa
    - RxRelay
    - RxSwift
    - RxTest
    - SVProgressHUD
    - SwiftyJSON
    - Toaster
    - XCGLogger

SPEC CHECKSUMS:
  Alamofire: ca8c0de6906873be89d6deec5c8de279e00bf872
  ObjcExceptionBridging: c30e00eb3700467e695faeea30e26e18bd445001
  Realm: 9357c3589555793e1860a7104a7412bca4a48d99
  RealmSwift: 402f1e379a8ef82c635313037b043f0f06de880c
  RxBlocking: c5e090f42d046df8b0e7752742510f349963710f
  RxCocoa: fcf32050ac00d801f34a7f71d5e8e7f23026dcd8
  RxRelay: 89d54507f4fd4d969e6ec1d4bd7f3673640b4640
  RxSwift: 8b0671caa829a763bbce7271095859121cbd895f
  RxTest: 0132f952a61da82d5233abedaa559df91e5330e5
  SVProgressHUD: 1428aafac632c1f86f62aa4243ec12008d7a51d6
  SwiftyJSON: 6faa0040f8b59dead0ee07436cbf76b73c08fd08
  Toaster: c1a81b376edcc2470157b4d1ee1e9341d3b96455
  XCGLogger: 0434f15e3909cdc450bb63faf638b8792ab782ab

PODFILE CHECKSUM: 786aa9ab5212b979130e8877f68d76e537ddaf54

COCOAPODS: 1.8.4
